
Microsoft Visual Studio Solution File, Format Version 12.00
# Visual Studio 2012
Project("{8BC9CEB8-8B4A-11D0-8D11-00A0C91BC942}") = "Alek's wrapper implementation", "Alek's wrapper implementation.vcxproj", "{744923F1-4718-4278-9457-CB7BE4C4F171}"
EndProject
Global
	GlobalSection(SolutionConfigurationPlatforms) = preSolution
		Debug|Win32 = Debug|Win32
		Release|Win32 = Release|Win32
	EndGlobalSection
	GlobalSection(ProjectConfigurationPlatforms) = postSolution
		{744923F1-4718-4278-9457-CB7BE4C4F171}.Debug|Win32.ActiveCfg = Debug|Win32
		{744923F1-4718-4278-9457-CB7BE4C4F171}.Debug|Win32.Build.0 = Debug|Win32
		{744923F1-4718-4278-9457-CB7BE4C4F171}.Release|Win32.ActiveCfg = Release|Win32
		{744923F1-4718-4278-9457-CB7BE4C4F171}.Release|Win32.Build.0 = Release|Win32
	EndGlobalSection
	GlobalSection(SolutionProperties) = preSolution
		HideSolutionNode = FALSE
	EndGlobalSection
EndGlobal
