
Microsoft Visual Studio Solution File, Format Version 12.00
# Visual Studio Express 2013 for Windows Desktop
VisualStudioVersion = 12.0.21005.1
MinimumVisualStudioVersion = 10.0.40219.1
Project("{8BC9CEB8-8B4A-11D0-8D11-00A0C91BC942}") = "CoordFK2lib", "CoordFK2lib\CoordFK2lib.vcxproj", "{08B8447C-3FB7-404C-9D1D-93415112F19D}"
EndProject
Global
	GlobalSection(SolutionConfigurationPlatforms) = preSolution
		Debug|Win32 = Debug|Win32
		Release|Win32 = Release|Win32
	EndGlobalSection
	GlobalSection(ProjectConfigurationPlatforms) = postSolution
		{08B8447C-3FB7-404C-9D1D-93415112F19D}.Debug|Win32.ActiveCfg = Debug|Win32
		{08B8447C-3FB7-404C-9D1D-93415112F19D}.Debug|Win32.Build.0 = Debug|Win32
		{08B8447C-3FB7-404C-9D1D-93415112F19D}.Release|Win32.ActiveCfg = Release|Win32
		{08B8447C-3FB7-404C-9D1D-93415112F19D}.Release|Win32.Build.0 = Release|Win32
	EndGlobalSection
	GlobalSection(SolutionProperties) = preSolution
		HideSolutionNode = FALSE
	EndGlobalSection
EndGlobal
